
Microsoft Visual Studio Solution File, Format Version 12.00
# Visual Studio 15
VisualStudioVersion = 15.0.28307.168
MinimumVisualStudioVersion = 10.0.40219.1
Project("{FAE04EC0-301F-11D3-BF4B-00C04F79EFBC}") = "AzureApi", "AzureApi\AzureApi.csproj", "{C1413D33-17EA-4CCA-8CDB-4DEC155B55F7}"
EndProject
Global
	GlobalSection(SolutionConfigurationPlatforms) = preSolution
		Debug|Any CPU = Debug|Any CPU
		Release|Any CPU = Release|Any CPU
	EndGlobalSection
	GlobalSection(ProjectConfigurationPlatforms) = postSolution
		{C1413D33-17EA-4CCA-8CDB-4DEC155B55F7}.Debug|Any CPU.ActiveCfg = Debug|Any CPU
		{C1413D33-17EA-4CCA-8CDB-4DEC155B55F7}.Debug|Any CPU.Build.0 = Debug|Any CPU
		{C1413D33-17EA-4CCA-8CDB-4DEC155B55F7}.Release|Any CPU.ActiveCfg = Release|Any CPU
		{C1413D33-17EA-4CCA-8CDB-4DEC155B55F7}.Release|Any CPU.Build.0 = Release|Any CPU
	EndGlobalSection
	GlobalSection(SolutionProperties) = preSolution
		HideSolutionNode = FALSE
	EndGlobalSection
	GlobalSection(ExtensibilityGlobals) = postSolution
		SolutionGuid = {6BCC5E4D-1487-477F-B16D-4A09E0A137AA}
	EndGlobalSection
EndGlobal
